
Microsoft Visual Studio Solution File, Format Version 12.00
# Visual Studio Version 17
VisualStudioVersion = 17.9.34616.47
MinimumVisualStudioVersion = 10.0.40219.1
Project("{9A19103F-16F7-4668-BE54-9A1E7A4F7556}") = "Blog_Sample", "Blog_Sample\Blog_Sample.csproj", "{79040AE9-C9B7-4EF1-9269-2DE28AC932F2}"
EndProject
Project("{9A19103F-16F7-4668-BE54-9A1E7A4F7556}") = "DataLayer", "DataLayer\DataLayer.csproj", "{99045006-ABBD-404D-B6A4-CE3548F54B3D}"
EndProject
Project("{FAE04EC0-301F-11D3-BF4B-00C04F79EFBC}") = "BusinessLayer", "BusinessLayer\BusinessLayer.csproj", "{6762C53F-81EE-4658-9939-9359E7DFA6D0}"
EndProject
Global
	GlobalSection(SolutionConfigurationPlatforms) = preSolution
		Debug|Any CPU = Debug|Any CPU
		Release|Any CPU = Release|Any CPU
	EndGlobalSection
	GlobalSection(ProjectConfigurationPlatforms) = postSolution
		{79040AE9-C9B7-4EF1-9269-2DE28AC932F2}.Debug|Any CPU.ActiveCfg = Debug|Any CPU
		{79040AE9-C9B7-4EF1-9269-2DE28AC932F2}.Debug|Any CPU.Build.0 = Debug|Any CPU
		{79040AE9-C9B7-4EF1-9269-2DE28AC932F2}.Release|Any CPU.ActiveCfg = Release|Any CPU
		{79040AE9-C9B7-4EF1-9269-2DE28AC932F2}.Release|Any CPU.Build.0 = Release|Any CPU
		{99045006-ABBD-404D-B6A4-CE3548F54B3D}.Debug|Any CPU.ActiveCfg = Debug|Any CPU
		{99045006-ABBD-404D-B6A4-CE3548F54B3D}.Debug|Any CPU.Build.0 = Debug|Any CPU
		{99045006-ABBD-404D-B6A4-CE3548F54B3D}.Release|Any CPU.ActiveCfg = Release|Any CPU
		{99045006-ABBD-404D-B6A4-CE3548F54B3D}.Release|Any CPU.Build.0 = Release|Any CPU
		{6762C53F-81EE-4658-9939-9359E7DFA6D0}.Debug|Any CPU.ActiveCfg = Debug|Any CPU
		{6762C53F-81EE-4658-9939-9359E7DFA6D0}.Debug|Any CPU.Build.0 = Debug|Any CPU
		{6762C53F-81EE-4658-9939-9359E7DFA6D0}.Release|Any CPU.ActiveCfg = Release|Any CPU
		{6762C53F-81EE-4658-9939-9359E7DFA6D0}.Release|Any CPU.Build.0 = Release|Any CPU
	EndGlobalSection
	GlobalSection(SolutionProperties) = preSolution
		HideSolutionNode = FALSE
	EndGlobalSection
	GlobalSection(ExtensibilityGlobals) = postSolution
		SolutionGuid = {0BD7780F-FABE-420F-9D23-B281615499F0}
	EndGlobalSection
EndGlobal
